# @generated - this file is auto-generated by `mise lock` https://mise.jdx.dev/dev-tools/mise-lock.html

[[tools."github:prefix-dev/pixi"]]
version = "0.74.0"
backend = "github:prefix-dev/pixi"

[tools."github:prefix-dev/pixi"."platforms.linux-arm64"]
checksum = "sha256:86b9eaace45f28e2fa599e5cb1ca7b123cb3db6c7a9175cda6cb139815724d75"
url = "https://github.com/prefix-dev/pixi/releases/download/v0.74.0/pixi-aarch64-unknown-linux-musl.tar.gz"
url_api = "https://api.github.com/repos/prefix-dev/pixi/releases/assets/491454287"
provenance = "github-attestations"

[tools."github:prefix-dev/pixi"."platforms.linux-arm64-musl"]
checksum = "sha256:86b9eaace45f28e2fa599e5cb1ca7b123cb3db6c7a9175cda6cb139815724d75"
url = "https://github.com/prefix-dev/pixi/releases/download/v0.74.0/pixi-aarch64-unknown-linux-musl.tar.gz"
url_api = "https://api.github.com/repos/prefix-dev/pixi/releases/assets/491454287"
provenance = "github-attestations"

[tools."github:prefix-dev/pixi"."platforms.linux-x64"]
checksum = "sha256:5729e99fb569a25f0b65dd6f5d1f32fcf3b967b36c1e89b9bab6a3bf845cc655"
url = "https://github.com/prefix-dev/pixi/releases/download/v0.74.0/pixi-x86_64-unknown-linux-musl.tar.gz"
url_api = "https://api.github.com/repos/prefix-dev/pixi/releases/assets/491454402"
provenance = "github-attestations"

[tools."github:prefix-dev/pixi"."platforms.linux-x64-musl"]
checksum = "sha256:5729e99fb569a25f0b65dd6f5d1f32fcf3b967b36c1e89b9bab6a3bf845cc655"
url = "https://github.com/prefix-dev/pixi/releases/download/v0.74.0/pixi-x86_64-unknown-linux-musl.tar.gz"
url_api = "https://api.github.com/repos/prefix-dev/pixi/releases/assets/491454402"
provenance = "github-attestations"

[tools."github:prefix-dev/pixi"."platforms.macos-arm64"]
checksum = "sha256:abe8daa74933609e65f5cb7a2ae99a1fe292289854d731d1d46b44606fec2acc"
url = "https://github.com/prefix-dev/pixi/releases/download/v0.74.0/pixi-aarch64-apple-darwin.tar.gz"
url_api = "https://api.github.com/repos/prefix-dev/pixi/releases/assets/491454236"
provenance = "github-attestations"

[tools."github:prefix-dev/pixi"."platforms.macos-x64"]
checksum = "sha256:42565c447d77655960946749ce1d1a5d463db3fceba216ed24d6ced3a7a33b8a"
url = "https://github.com/prefix-dev/pixi/releases/download/v0.74.0/pixi-x86_64-apple-darwin.tar.gz"
url_api = "https://api.github.com/repos/prefix-dev/pixi/releases/assets/491454345"
provenance = "github-attestations"

[tools."github:prefix-dev/pixi"."platforms.windows-x64"]
checksum = "sha256:5770edf521b1d2be114d93121cb1fa366e8a201ba01c188179d71632804480cf"
url = "https://github.com/prefix-dev/pixi/releases/download/v0.74.0/pixi-x86_64-pc-windows-msvc.zip"
url_api = "https://api.github.com/repos/prefix-dev/pixi/releases/assets/491454373"
provenance = "github-attestations"

[[tools.just]]
version = "1.57.0"
backend = "aqua:casey/just"

[tools.just."platforms.linux-arm64"]
checksum = "sha256:f225044a81adea6e0b3a8b9370aaf374e6af76c8735ae263ac993df55fd137ec"
url = "https://github.com/casey/just/releases/download/1.57.0/just-1.57.0-aarch64-unknown-linux-musl.tar.gz"
url_api = "https://api.github.com/repos/casey/just/releases/assets/481976912"

[tools.just."platforms.linux-arm64-musl"]
checksum = "sha256:f225044a81adea6e0b3a8b9370aaf374e6af76c8735ae263ac993df55fd137ec"
url = "https://github.com/casey/just/releases/download/1.57.0/just-1.57.0-aarch64-unknown-linux-musl.tar.gz"
url_api = "https://api.github.com/repos/casey/just/releases/assets/481976912"

[tools.just."platforms.linux-x64"]
checksum = "sha256:45b548094283cb9739af8f13273b8cddeee869f5b4ef2bb631b1f311cb566155"
url = "https://github.com/casey/just/releases/download/1.57.0/just-1.57.0-x86_64-unknown-linux-musl.tar.gz"
url_api = "https://api.github.com/repos/casey/just/releases/assets/481976790"

[tools.just."platforms.linux-x64-musl"]
checksum = "sha256:45b548094283cb9739af8f13273b8cddeee869f5b4ef2bb631b1f311cb566155"
url = "https://github.com/casey/just/releases/download/1.57.0/just-1.57.0-x86_64-unknown-linux-musl.tar.gz"
url_api = "https://api.github.com/repos/casey/just/releases/assets/481976790"

[tools.just."platforms.macos-arm64"]
checksum = "sha256:0381db216c2f97ce31d838a1562c1064dfbfa73f5a8a81581338a2cd9217df47"
url = "https://github.com/casey/just/releases/download/1.57.0/just-1.57.0-aarch64-apple-darwin.tar.gz"
url_api = "https://api.github.com/repos/casey/just/releases/assets/481976803"

[tools.just."platforms.macos-x64"]
checksum = "sha256:5e6ade3698095576274b2b32cc9e5d467185e8e40b04949004c04cc3d7e962dc"
url = "https://github.com/casey/just/releases/download/1.57.0/just-1.57.0-x86_64-apple-darwin.tar.gz"
url_api = "https://api.github.com/repos/casey/just/releases/assets/481976824"

[tools.just."platforms.windows-x64"]
checksum = "sha256:4c7391d17cb1d17b758b52004ee6411372b8a13ff37c3c9b9031625cb6026e09"
url = "https://github.com/casey/just/releases/download/1.57.0/just-1.57.0-x86_64-pc-windows-msvc.zip"
url_api = "https://api.github.com/repos/casey/just/releases/assets/481977734"

[[tools.uv]]
version = "0.9.18"
backend = "aqua:astral-sh/uv"

[tools.uv."platforms.linux-arm64"]
checksum = "sha256:b710ceb9889276cbd7ce04e2ca06b5bd3e288da465bd38f7dd17955c4e703a65"
url = "https://github.com/astral-sh/uv/releases/download/0.9.18/uv-aarch64-unknown-linux-musl.tar.gz"
url_api = "https://api.github.com/repos/astral-sh/uv/releases/assets/329397626"
provenance = "github-attestations"

[tools.uv."platforms.linux-arm64-musl"]
checksum = "sha256:b710ceb9889276cbd7ce04e2ca06b5bd3e288da465bd38f7dd17955c4e703a65"
url = "https://github.com/astral-sh/uv/releases/download/0.9.18/uv-aarch64-unknown-linux-musl.tar.gz"
url_api = "https://api.github.com/repos/astral-sh/uv/releases/assets/329397626"
provenance = "github-attestations"

[tools.uv."platforms.linux-x64"]
checksum = "sha256:a55ae2d0d53c8f6541bb4d6afc95857ff33a97de8f1d23e9d09acdcb865c4a00"
url = "https://github.com/astral-sh/uv/releases/download/0.9.18/uv-x86_64-unknown-linux-musl.tar.gz"
url_api = "https://api.github.com/repos/astral-sh/uv/releases/assets/329397666"
provenance = "github-attestations"

[tools.uv."platforms.linux-x64-musl"]
checksum = "sha256:a55ae2d0d53c8f6541bb4d6afc95857ff33a97de8f1d23e9d09acdcb865c4a00"
url = "https://github.com/astral-sh/uv/releases/download/0.9.18/uv-x86_64-unknown-linux-musl.tar.gz"
url_api = "https://api.github.com/repos/astral-sh/uv/releases/assets/329397666"
provenance = "github-attestations"

[tools.uv."platforms.macos-arm64"]
checksum = "sha256:dc3bee4abbb3bac267a3985a23ea7617d19d41ff381dbaf560ba415ad65af68f"
url = "https://github.com/astral-sh/uv/releases/download/0.9.18/uv-aarch64-apple-darwin.tar.gz"
url_api = "https://api.github.com/repos/astral-sh/uv/releases/assets/329397618"
provenance = "github-attestations"

[tools.uv."platforms.macos-x64"]
checksum = "sha256:f86836c637333c65bbc7902acc9c49888eef9fbd15dccbc1946b10e30b041073"
url = "https://github.com/astral-sh/uv/releases/download/0.9.18/uv-x86_64-apple-darwin.tar.gz"
url_api = "https://api.github.com/repos/astral-sh/uv/releases/assets/329397657"
provenance = "github-attestations"

[tools.uv."platforms.windows-x64"]
checksum = "sha256:28cbe5d30907a774bfe27a517a39b494ec6f7d3816bda8bbf6f9645490449182"
url = "https://github.com/astral-sh/uv/releases/download/0.9.18/uv-x86_64-pc-windows-msvc.zip"
url_api = "https://api.github.com/repos/astral-sh/uv/releases/assets/329397660"
provenance = "github-attestations"
